# This file is automatically @generated by Cargo.
# It is not intended for manual editing.
version = 4

[[package]]
name = "lagrange-auth"
version = "0.1.0"

[[package]]
name = "lagrange-domain"
version = "0.1.0"

[[package]]
name = "lagrange-factor-engine"
version = "0.1.0"

[[package]]
name = "lagrange-job-queue"
version = "0.1.0"

[[package]]
name = "lagrange-kis-client"
version = "0.1.0"

[[package]]
name = "lagrange-market-data"
version = "0.1.0"

[[package]]
name = "lagrange-portfolio-model"
version = "0.1.0"

[[package]]
name = "lagrange-result-model"
version = "0.1.0"

[[package]]
name = "lagrange-risk-gateway"
version = "0.1.0"

[[package]]
name = "lagrange-selector"
version = "0.1.0"
